
Microsoft Visual Studio Solution File, Format Version 12.00
# Visual Studio Version 17
VisualStudioVersion = 17.3.32922.545
MinimumVisualStudioVersion = 10.0.40219.1
Project("{FAE04EC0-301F-11D3-BF4B-00C04F79EFBC}") = "WorkshopHandsOn1", "..\WorkshopHandsOn1\WorkshopHandsOn1.csproj", "{D46704F2-3F3D-4945-A659-39C199B781CD}"
EndProject
Project("{FAE04EC0-301F-11D3-BF4B-00C04F79EFBC}") = "WorkshopHandsOn2", "..\WorkshopHandsOn2\WorkshopHandsOn2.csproj", "{D56BA2B6-91E5-423E-B56C-BDC561C11F70}"
EndProject
Project("{FAE04EC0-301F-11D3-BF4B-00C04F79EFBC}") = "WorkshopHandsOn3", "..\WorkshopHandsOn3\WorkshopHandsOn3.csproj", "{849A8E6B-0A52-404A-9CC3-535294B3FE5F}"
EndProject
Project("{FAE04EC0-301F-11D3-BF4B-00C04F79EFBC}") = "WorkshopHandsOn4", "..\WorkshopHandsOn4\WorkshopHandsOn4.csproj", "{8D2B4CEF-585D-4604-A4B7-7F16A3956C7C}"
EndProject
Project("{FAE04EC0-301F-11D3-BF4B-00C04F79EFBC}") = "WorkshopHandsOn5", "..\WorkshopHandsOn5\WorkshopHandsOn5.csproj", "{D990DE28-CF3C-4477-86D7-443508BDB221}"
EndProject
Project("{FAE04EC0-301F-11D3-BF4B-00C04F79EFBC}") = "WorkshopHandsOn6", "..\WorkshopHandsOn6\WorkshopHandsOn6.csproj", "{F11306D7-8DD7-41B1-B49F-709F87F72DFE}"
EndProject
Project("{FAE04EC0-301F-11D3-BF4B-00C04F79EFBC}") = "WorkshopHandsOn7", "..\WorkshopHandsOn7\WorkshopHandsOn7.csproj", "{D8C1C799-ABC7-4C5D-919C-B281A8A48F0A}"
EndProject
Project("{FAE04EC0-301F-11D3-BF4B-00C04F79EFBC}") = "WorkshopHandsOn8", "..\WorkshopHandsOn8\WorkshopHandsOn8.csproj", "{0E1366E9-F211-42EE-9137-B17D03925F7E}"
EndProject
Project("{FAE04EC0-301F-11D3-BF4B-00C04F79EFBC}") = "WorkshopHandsOn9", "..\WorkshopHandsOn9\WorkshopHandsOn9.csproj", "{E4ECC559-1632-46A1-B985-43D1E711A3C6}"
EndProject
Project("{FAE04EC0-301F-11D3-BF4B-00C04F79EFBC}") = "WorkshopHandsOn10", "..\WorkshopHandsOn10\WorkshopHandsOn10.csproj", "{ABDBC59D-38F7-4545-A943-24F46DACF8FD}"
EndProject
Project("{FAE04EC0-301F-11D3-BF4B-00C04F79EFBC}") = "WorkshopHandsOn11", "..\WorkshopHandsOn11\WorkshopHandsOn11.csproj", "{E2256404-9286-4800-AEC8-4A80DC31AB46}"
EndProject
Project("{FAE04EC0-301F-11D3-BF4B-00C04F79EFBC}") = "WorkshopHandsOn12", "..\WorkshopHandsOn12\WorkshopHandsOn12.csproj", "{4F3E72C6-3C5C-4F0C-A94A-09AC8D7FFDF5}"
EndProject
Project("{FAE04EC0-301F-11D3-BF4B-00C04F79EFBC}") = "WorkshopHandsOn13", "..\WorkshopHandsOn13\WorkshopHandsOn13.csproj", "{0F14743D-D82D-4EE3-95C6-39AE8BFF13D2}"
EndProject
Project("{FAE04EC0-301F-11D3-BF4B-00C04F79EFBC}") = "WorkshopHandsOn14", "..\WorkshopHandsOn14\WorkshopHandsOn14.csproj", "{1FE73500-46EB-47E9-B4B4-C995ADB80192}"
EndProject
Project("{FAE04EC0-301F-11D3-BF4B-00C04F79EFBC}") = "WorkshopHandsOn15", "..\WorkshopHandsOn15\WorkshopHandsOn15.csproj", "{DF5BDD1C-5200-4D01-B1B1-94566DE6DEC1}"
EndProject
Project("{FAE04EC0-301F-11D3-BF4B-00C04F79EFBC}") = "WorkshopHandsOn16", "..\WorkshopHandsOn16\WorkshopHandsOn16.csproj", "{166BCA7D-DA0D-4730-B18B-D9ACE5D8119D}"
EndProject
Project("{FAE04EC0-301F-11D3-BF4B-00C04F79EFBC}") = "WorkshopHandsOn17", "..\WorkshopHandsOn17\WorkshopHandsOn17.csproj", "{8E8F218D-959C-4B20-8C96-C8D2DC553516}"
EndProject
Project("{FAE04EC0-301F-11D3-BF4B-00C04F79EFBC}") = "WorkshopHandsOn18", "..\WorkshopHandsOn18\WorkshopHandsOn18.csproj", "{5640B58D-D2FD-4EB1-8386-3D1214EA3389}"
EndProject
Project("{FAE04EC0-301F-11D3-BF4B-00C04F79EFBC}") = "WorkshopHandsOn19", "..\WorkshopHandsOn19\WorkshopHandsOn19.csproj", "{17734EF2-7C22-41C4-94E6-FEE38658B9B0}"
EndProject
Project("{FAE04EC0-301F-11D3-BF4B-00C04F79EFBC}") = "WorkshopHandsOn22", "..\WorkshopHandsOn22\WorkshopHandsOn22.csproj", "{48B876A0-749D-4C6C-BF17-4A9F33FC2237}"
EndProject
Project("{FAE04EC0-301F-11D3-BF4B-00C04F79EFBC}") = "WorkshopHandsOn23", "..\WorkshopHandsOn23\WorkshopHandsOn23.csproj", "{923D50B1-52C4-438D-92EF-146EDBA160C9}"
EndProject
Project("{FAE04EC0-301F-11D3-BF4B-00C04F79EFBC}") = "WorkshopHandsOn24", "..\WorkshopHandsOn24\WorkshopHandsOn24.csproj", "{57B806BD-5556-45E9-98E3-5D9E6C25B3E8}"
EndProject
Project("{FAE04EC0-301F-11D3-BF4B-00C04F79EFBC}") = "WorkshopHandsOn25", "..\WorkshopHandsOn25\WorkshopHandsOn25.csproj", "{1058F6F5-9AE3-41AD-BC20-0FC399FA400B}"
EndProject
Project("{FAE04EC0-301F-11D3-BF4B-00C04F79EFBC}") = "WorkshopHandsOn26", "..\WorkshopHandsOn26\WorkshopHandsOn26.csproj", "{7F7928DE-7A6F-4A6E-A0B7-A2B773E1B78B}"
EndProject
Project("{FAE04EC0-301F-11D3-BF4B-00C04F79EFBC}") = "WorkshopHandsOn27", "..\WorkshopHandsOn27\WorkshopHandsOn27.csproj", "{C4662FAE-3B82-4D1D-A1C4-3F5F499E4233}"
EndProject
Project("{FAE04EC0-301F-11D3-BF4B-00C04F79EFBC}") = "WorkshopHandsOn28", "..\WorkshopHandsOn28\WorkshopHandsOn28.csproj", "{39E5FBC2-F849-4C85-8335-50D8A278FAE8}"
EndProject
Project("{FAE04EC0-301F-11D3-BF4B-00C04F79EFBC}") = "WorkshopHandsOn21", "..\WorkshopHandsOnFlightTower1\WorkshopHandsOn21.csproj", "{F30D0503-AB8C-4580-8309-0394B27AF7BC}"
EndProject
Project("{FAE04EC0-301F-11D3-BF4B-00C04F79EFBC}") = "WorkshopHandsOn29", "..\WorkshopHandsOnSoccer1\WorkshopHandsOn29.csproj", "{6758E880-8983-4568-AF81-5B367891DB4E}"
EndProject
Project("{FAE04EC0-301F-11D3-BF4B-00C04F79EFBC}") = "WorkshopHandsOn30", "..\WorkshopHandsOnSoccer2\WorkshopHandsOn30.csproj", "{43828435-66CA-41CE-AA02-E6980E1C3D1B}"
EndProject
Project("{FAE04EC0-301F-11D3-BF4B-00C04F79EFBC}") = "WorkshopHandsOn31", "..\WorkshopHansOn21\WorkshopHandsOn31.csproj", "{4326E6F3-1396-4104-9342-146A140656CB}"
EndProject
Project("{FAE04EC0-301F-11D3-BF4B-00C04F79EFBC}") = "WorkshopHandsOn32", "..\WorkshopHandsOn32\WorkshopHandsOn32.csproj", "{B0242163-31CF-49B5-A3C3-E52E4A25CBF7}"
EndProject
Project("{FAE04EC0-301F-11D3-BF4B-00C04F79EFBC}") = "WorkshopHandsOn33", "WorkshopHandsOn33\WorkshopHandsOn33.csproj", "{40A67917-83D1-48AA-8131-0B40C67C4F9C}"
EndProject
Global
	GlobalSection(SolutionConfigurationPlatforms) = preSolution
		Debug|Any CPU = Debug|Any CPU
		Debug|x86 = Debug|x86
		Release|Any CPU = Release|Any CPU
		Release|x86 = Release|x86
	EndGlobalSection
	GlobalSection(ProjectConfigurationPlatforms) = postSolution
		{D46704F2-3F3D-4945-A659-39C199B781CD}.Debug|Any CPU.ActiveCfg = Debug|x86
		{D46704F2-3F3D-4945-A659-39C199B781CD}.Debug|Any CPU.Build.0 = Debug|x86
		{D46704F2-3F3D-4945-A659-39C199B781CD}.Debug|x86.ActiveCfg = Debug|x86
		{D46704F2-3F3D-4945-A659-39C199B781CD}.Debug|x86.Build.0 = Debug|x86
		{D46704F2-3F3D-4945-A659-39C199B781CD}.Release|Any CPU.ActiveCfg = Release|x86
		{D46704F2-3F3D-4945-A659-39C199B781CD}.Release|Any CPU.Build.0 = Release|x86
		{D46704F2-3F3D-4945-A659-39C199B781CD}.Release|x86.ActiveCfg = Release|x86
		{D46704F2-3F3D-4945-A659-39C199B781CD}.Release|x86.Build.0 = Release|x86
		{D56BA2B6-91E5-423E-B56C-BDC561C11F70}.Debug|Any CPU.ActiveCfg = Debug|x86
		{D56BA2B6-91E5-423E-B56C-BDC561C11F70}.Debug|Any CPU.Build.0 = Debug|x86
		{D56BA2B6-91E5-423E-B56C-BDC561C11F70}.Debug|x86.ActiveCfg = Debug|x86
		{D56BA2B6-91E5-423E-B56C-BDC561C11F70}.Debug|x86.Build.0 = Debug|x86
		{D56BA2B6-91E5-423E-B56C-BDC561C11F70}.Release|Any CPU.ActiveCfg = Release|x86
		{D56BA2B6-91E5-423E-B56C-BDC561C11F70}.Release|Any CPU.Build.0 = Release|x86
		{D56BA2B6-91E5-423E-B56C-BDC561C11F70}.Release|x86.ActiveCfg = Release|x86
		{D56BA2B6-91E5-423E-B56C-BDC561C11F70}.Release|x86.Build.0 = Release|x86
		{849A8E6B-0A52-404A-9CC3-535294B3FE5F}.Debug|Any CPU.ActiveCfg = Debug|x86
		{849A8E6B-0A52-404A-9CC3-535294B3FE5F}.Debug|Any CPU.Build.0 = Debug|x86
		{849A8E6B-0A52-404A-9CC3-535294B3FE5F}.Debug|x86.ActiveCfg = Debug|x86
		{849A8E6B-0A52-404A-9CC3-535294B3FE5F}.Debug|x86.Build.0 = Debug|x86
		{849A8E6B-0A52-404A-9CC3-535294B3FE5F}.Release|Any CPU.ActiveCfg = Release|x86
		{849A8E6B-0A52-404A-9CC3-535294B3FE5F}.Release|Any CPU.Build.0 = Release|x86
		{849A8E6B-0A52-404A-9CC3-535294B3FE5F}.Release|x86.ActiveCfg = Release|x86
		{849A8E6B-0A52-404A-9CC3-535294B3FE5F}.Release|x86.Build.0 = Release|x86
		{8D2B4CEF-585D-4604-A4B7-7F16A3956C7C}.Debug|Any CPU.ActiveCfg = Debug|x86
		{8D2B4CEF-585D-4604-A4B7-7F16A3956C7C}.Debug|Any CPU.Build.0 = Debug|x86
		{8D2B4CEF-585D-4604-A4B7-7F16A3956C7C}.Debug|x86.ActiveCfg = Debug|x86
		{8D2B4CEF-585D-4604-A4B7-7F16A3956C7C}.Debug|x86.Build.0 = Debug|x86
		{8D2B4CEF-585D-4604-A4B7-7F16A3956C7C}.Release|Any CPU.ActiveCfg = Release|x86
		{8D2B4CEF-585D-4604-A4B7-7F16A3956C7C}.Release|Any CPU.Build.0 = Release|x86
		{8D2B4CEF-585D-4604-A4B7-7F16A3956C7C}.Release|x86.ActiveCfg = Release|x86
		{8D2B4CEF-585D-4604-A4B7-7F16A3956C7C}.Release|x86.Build.0 = Release|x86
		{D990DE28-CF3C-4477-86D7-443508BDB221}.Debug|Any CPU.ActiveCfg = Debug|x86
		{D990DE28-CF3C-4477-86D7-443508BDB221}.Debug|Any CPU.Build.0 = Debug|x86
		{D990DE28-CF3C-4477-86D7-443508BDB221}.Debug|x86.ActiveCfg = Debug|x86
		{D990DE28-CF3C-4477-86D7-443508BDB221}.Debug|x86.Build.0 = Debug|x86
		{D990DE28-CF3C-4477-86D7-443508BDB221}.Release|Any CPU.ActiveCfg = Release|x86
		{D990DE28-CF3C-4477-86D7-443508BDB221}.Release|Any CPU.Build.0 = Release|x86
		{D990DE28-CF3C-4477-86D7-443508BDB221}.Release|x86.ActiveCfg = Release|x86
		{D990DE28-CF3C-4477-86D7-443508BDB221}.Release|x86.Build.0 = Release|x86
		{F11306D7-8DD7-41B1-B49F-709F87F72DFE}.Debug|Any CPU.ActiveCfg = Debug|x86
		{F11306D7-8DD7-41B1-B49F-709F87F72DFE}.Debug|Any CPU.Build.0 = Debug|x86
		{F11306D7-8DD7-41B1-B49F-709F87F72DFE}.Debug|x86.ActiveCfg = Debug|x86
		{F11306D7-8DD7-41B1-B49F-709F87F72DFE}.Debug|x86.Build.0 = Debug|x86
		{F11306D7-8DD7-41B1-B49F-709F87F72DFE}.Release|Any CPU.ActiveCfg = Release|x86
		{F11306D7-8DD7-41B1-B49F-709F87F72DFE}.Release|Any CPU.Build.0 = Release|x86
		{F11306D7-8DD7-41B1-B49F-709F87F72DFE}.Release|x86.ActiveCfg = Release|x86
		{F11306D7-8DD7-41B1-B49F-709F87F72DFE}.Release|x86.Build.0 = Release|x86
		{D8C1C799-ABC7-4C5D-919C-B281A8A48F0A}.Debug|Any CPU.ActiveCfg = Debug|x86
		{D8C1C799-ABC7-4C5D-919C-B281A8A48F0A}.Debug|Any CPU.Build.0 = Debug|x86
		{D8C1C799-ABC7-4C5D-919C-B281A8A48F0A}.Debug|x86.ActiveCfg = Debug|x86
		{D8C1C799-ABC7-4C5D-919C-B281A8A48F0A}.Debug|x86.Build.0 = Debug|x86
		{D8C1C799-ABC7-4C5D-919C-B281A8A48F0A}.Release|Any CPU.ActiveCfg = Release|x86
		{D8C1C799-ABC7-4C5D-919C-B281A8A48F0A}.Release|Any CPU.Build.0 = Release|x86
		{D8C1C799-ABC7-4C5D-919C-B281A8A48F0A}.Release|x86.ActiveCfg = Release|x86
		{D8C1C799-ABC7-4C5D-919C-B281A8A48F0A}.Release|x86.Build.0 = Release|x86
		{0E1366E9-F211-42EE-9137-B17D03925F7E}.Debug|Any CPU.ActiveCfg = Debug|x86
		{0E1366E9-F211-42EE-9137-B17D03925F7E}.Debug|Any CPU.Build.0 = Debug|x86
		{0E1366E9-F211-42EE-9137-B17D03925F7E}.Debug|x86.ActiveCfg = Debug|x86
		{0E1366E9-F211-42EE-9137-B17D03925F7E}.Debug|x86.Build.0 = Debug|x86
		{0E1366E9-F211-42EE-9137-B17D03925F7E}.Release|Any CPU.ActiveCfg = Release|x86
		{0E1366E9-F211-42EE-9137-B17D03925F7E}.Release|Any CPU.Build.0 = Release|x86
		{0E1366E9-F211-42EE-9137-B17D03925F7E}.Release|x86.ActiveCfg = Release|x86
		{0E1366E9-F211-42EE-9137-B17D03925F7E}.Release|x86.Build.0 = Release|x86
		{E4ECC559-1632-46A1-B985-43D1E711A3C6}.Debug|Any CPU.ActiveCfg = Debug|x86
		{E4ECC559-1632-46A1-B985-43D1E711A3C6}.Debug|Any CPU.Build.0 = Debug|x86
		{E4ECC559-1632-46A1-B985-43D1E711A3C6}.Debug|x86.ActiveCfg = Debug|x86
		{E4ECC559-1632-46A1-B985-43D1E711A3C6}.Debug|x86.Build.0 = Debug|x86
		{E4ECC559-1632-46A1-B985-43D1E711A3C6}.Release|Any CPU.ActiveCfg = Release|x86
		{E4ECC559-1632-46A1-B985-43D1E711A3C6}.Release|Any CPU.Build.0 = Release|x86
		{E4ECC559-1632-46A1-B985-43D1E711A3C6}.Release|x86.ActiveCfg = Release|x86
		{E4ECC559-1632-46A1-B985-43D1E711A3C6}.Release|x86.Build.0 = Release|x86
		{ABDBC59D-38F7-4545-A943-24F46DACF8FD}.Debug|Any CPU.ActiveCfg = Debug|x86
		{ABDBC59D-38F7-4545-A943-24F46DACF8FD}.Debug|Any CPU.Build.0 = Debug|x86
		{ABDBC59D-38F7-4545-A943-24F46DACF8FD}.Debug|x86.ActiveCfg = Debug|x86
		{ABDBC59D-38F7-4545-A943-24F46DACF8FD}.Debug|x86.Build.0 = Debug|x86
		{ABDBC59D-38F7-4545-A943-24F46DACF8FD}.Release|Any CPU.ActiveCfg = Release|x86
		{ABDBC59D-38F7-4545-A943-24F46DACF8FD}.Release|Any CPU.Build.0 = Release|x86
		{ABDBC59D-38F7-4545-A943-24F46DACF8FD}.Release|x86.ActiveCfg = Release|x86
		{ABDBC59D-38F7-4545-A943-24F46DACF8FD}.Release|x86.Build.0 = Release|x86
		{E2256404-9286-4800-AEC8-4A80DC31AB46}.Debug|Any CPU.ActiveCfg = Debug|x86
		{E2256404-9286-4800-AEC8-4A80DC31AB46}.Debug|Any CPU.Build.0 = Debug|x86
		{E2256404-9286-4800-AEC8-4A80DC31AB46}.Debug|x86.ActiveCfg = Debug|x86
		{E2256404-9286-4800-AEC8-4A80DC31AB46}.Debug|x86.Build.0 = Debug|x86
		{E2256404-9286-4800-AEC8-4A80DC31AB46}.Release|Any CPU.ActiveCfg = Release|x86
		{E2256404-9286-4800-AEC8-4A80DC31AB46}.Release|Any CPU.Build.0 = Release|x86
		{E2256404-9286-4800-AEC8-4A80DC31AB46}.Release|x86.ActiveCfg = Release|x86
		{E2256404-9286-4800-AEC8-4A80DC31AB46}.Release|x86.Build.0 = Release|x86
		{4F3E72C6-3C5C-4F0C-A94A-09AC8D7FFDF5}.Debug|Any CPU.ActiveCfg = Debug|x86
		{4F3E72C6-3C5C-4F0C-A94A-09AC8D7FFDF5}.Debug|Any CPU.Build.0 = Debug|x86
		{4F3E72C6-3C5C-4F0C-A94A-09AC8D7FFDF5}.Debug|x86.ActiveCfg = Debug|x86
		{4F3E72C6-3C5C-4F0C-A94A-09AC8D7FFDF5}.Debug|x86.Build.0 = Debug|x86
		{4F3E72C6-3C5C-4F0C-A94A-09AC8D7FFDF5}.Release|Any CPU.ActiveCfg = Release|x86
		{4F3E72C6-3C5C-4F0C-A94A-09AC8D7FFDF5}.Release|Any CPU.Build.0 = Release|x86
		{4F3E72C6-3C5C-4F0C-A94A-09AC8D7FFDF5}.Release|x86.ActiveCfg = Release|x86
		{4F3E72C6-3C5C-4F0C-A94A-09AC8D7FFDF5}.Release|x86.Build.0 = Release|x86
		{0F14743D-D82D-4EE3-95C6-39AE8BFF13D2}.Debug|Any CPU.ActiveCfg = Debug|x86
		{0F14743D-D82D-4EE3-95C6-39AE8BFF13D2}.Debug|Any CPU.Build.0 = Debug|x86
		{0F14743D-D82D-4EE3-95C6-39AE8BFF13D2}.Debug|x86.ActiveCfg = Debug|x86
		{0F14743D-D82D-4EE3-95C6-39AE8BFF13D2}.Debug|x86.Build.0 = Debug|x86
		{0F14743D-D82D-4EE3-95C6-39AE8BFF13D2}.Release|Any CPU.ActiveCfg = Release|x86
		{0F14743D-D82D-4EE3-95C6-39AE8BFF13D2}.Release|Any CPU.Build.0 = Release|x86
		{0F14743D-D82D-4EE3-95C6-39AE8BFF13D2}.Release|x86.ActiveCfg = Release|x86
		{0F14743D-D82D-4EE3-95C6-39AE8BFF13D2}.Release|x86.Build.0 = Release|x86
		{1FE73500-46EB-47E9-B4B4-C995ADB80192}.Debug|Any CPU.ActiveCfg = Debug|x86
		{1FE73500-46EB-47E9-B4B4-C995ADB80192}.Debug|Any CPU.Build.0 = Debug|x86
		{1FE73500-46EB-47E9-B4B4-C995ADB80192}.Debug|x86.ActiveCfg = Debug|x86
		{1FE73500-46EB-47E9-B4B4-C995ADB80192}.Debug|x86.Build.0 = Debug|x86
		{1FE73500-46EB-47E9-B4B4-C995ADB80192}.Release|Any CPU.ActiveCfg = Release|x86
		{1FE73500-46EB-47E9-B4B4-C995ADB80192}.Release|Any CPU.Build.0 = Release|x86
		{1FE73500-46EB-47E9-B4B4-C995ADB80192}.Release|x86.ActiveCfg = Release|x86
		{1FE73500-46EB-47E9-B4B4-C995ADB80192}.Release|x86.Build.0 = Release|x86
		{DF5BDD1C-5200-4D01-B1B1-94566DE6DEC1}.Debug|Any CPU.ActiveCfg = Debug|x86
		{DF5BDD1C-5200-4D01-B1B1-94566DE6DEC1}.Debug|Any CPU.Build.0 = Debug|x86
		{DF5BDD1C-5200-4D01-B1B1-94566DE6DEC1}.Debug|x86.ActiveCfg = Debug|x86
		{DF5BDD1C-5200-4D01-B1B1-94566DE6DEC1}.Debug|x86.Build.0 = Debug|x86
		{DF5BDD1C-5200-4D01-B1B1-94566DE6DEC1}.Release|Any CPU.ActiveCfg = Release|x86
		{DF5BDD1C-5200-4D01-B1B1-94566DE6DEC1}.Release|Any CPU.Build.0 = Release|x86
		{DF5BDD1C-5200-4D01-B1B1-94566DE6DEC1}.Release|x86.ActiveCfg = Release|x86
		{DF5BDD1C-5200-4D01-B1B1-94566DE6DEC1}.Release|x86.Build.0 = Release|x86
		{166BCA7D-DA0D-4730-B18B-D9ACE5D8119D}.Debug|Any CPU.ActiveCfg = Debug|Any CPU
		{166BCA7D-DA0D-4730-B18B-D9ACE5D8119D}.Debug|Any CPU.Build.0 = Debug|Any CPU
		{166BCA7D-DA0D-4730-B18B-D9ACE5D8119D}.Debug|x86.ActiveCfg = Debug|Any CPU
		{166BCA7D-DA0D-4730-B18B-D9ACE5D8119D}.Debug|x86.Build.0 = Debug|Any CPU
		{166BCA7D-DA0D-4730-B18B-D9ACE5D8119D}.Release|Any CPU.ActiveCfg = Release|Any CPU
		{166BCA7D-DA0D-4730-B18B-D9ACE5D8119D}.Release|Any CPU.Build.0 = Release|Any CPU
		{166BCA7D-DA0D-4730-B18B-D9ACE5D8119D}.Release|x86.ActiveCfg = Release|Any CPU
		{166BCA7D-DA0D-4730-B18B-D9ACE5D8119D}.Release|x86.Build.0 = Release|Any CPU
		{8E8F218D-959C-4B20-8C96-C8D2DC553516}.Debug|Any CPU.ActiveCfg = Debug|Any CPU
		{8E8F218D-959C-4B20-8C96-C8D2DC553516}.Debug|Any CPU.Build.0 = Debug|Any CPU
		{8E8F218D-959C-4B20-8C96-C8D2DC553516}.Debug|x86.ActiveCfg = Debug|Any CPU
		{8E8F218D-959C-4B20-8C96-C8D2DC553516}.Debug|x86.Build.0 = Debug|Any CPU
		{8E8F218D-959C-4B20-8C96-C8D2DC553516}.Release|Any CPU.ActiveCfg = Release|Any CPU
		{8E8F218D-959C-4B20-8C96-C8D2DC553516}.Release|Any CPU.Build.0 = Release|Any CPU
		{8E8F218D-959C-4B20-8C96-C8D2DC553516}.Release|x86.ActiveCfg = Release|Any CPU
		{8E8F218D-959C-4B20-8C96-C8D2DC553516}.Release|x86.Build.0 = Release|Any CPU
		{5640B58D-D2FD-4EB1-8386-3D1214EA3389}.Debug|Any CPU.ActiveCfg = Debug|Any CPU
		{5640B58D-D2FD-4EB1-8386-3D1214EA3389}.Debug|Any CPU.Build.0 = Debug|Any CPU
		{5640B58D-D2FD-4EB1-8386-3D1214EA3389}.Debug|x86.ActiveCfg = Debug|Any CPU
		{5640B58D-D2FD-4EB1-8386-3D1214EA3389}.Debug|x86.Build.0 = Debug|Any CPU
		{5640B58D-D2FD-4EB1-8386-3D1214EA3389}.Release|Any CPU.ActiveCfg = Release|Any CPU
		{5640B58D-D2FD-4EB1-8386-3D1214EA3389}.Release|Any CPU.Build.0 = Release|Any CPU
		{5640B58D-D2FD-4EB1-8386-3D1214EA3389}.Release|x86.ActiveCfg = Release|Any CPU
		{5640B58D-D2FD-4EB1-8386-3D1214EA3389}.Release|x86.Build.0 = Release|Any CPU
		{17734EF2-7C22-41C4-94E6-FEE38658B9B0}.Debug|Any CPU.ActiveCfg = Debug|Any CPU
		{17734EF2-7C22-41C4-94E6-FEE38658B9B0}.Debug|Any CPU.Build.0 = Debug|Any CPU
		{17734EF2-7C22-41C4-94E6-FEE38658B9B0}.Debug|x86.ActiveCfg = Debug|Any CPU
		{17734EF2-7C22-41C4-94E6-FEE38658B9B0}.Debug|x86.Build.0 = Debug|Any CPU
		{17734EF2-7C22-41C4-94E6-FEE38658B9B0}.Release|Any CPU.ActiveCfg = Release|Any CPU
		{17734EF2-7C22-41C4-94E6-FEE38658B9B0}.Release|Any CPU.Build.0 = Release|Any CPU
		{17734EF2-7C22-41C4-94E6-FEE38658B9B0}.Release|x86.ActiveCfg = Release|Any CPU
		{17734EF2-7C22-41C4-94E6-FEE38658B9B0}.Release|x86.Build.0 = Release|Any CPU
		{48B876A0-749D-4C6C-BF17-4A9F33FC2237}.Debug|Any CPU.ActiveCfg = Debug|Any CPU
		{48B876A0-749D-4C6C-BF17-4A9F33FC2237}.Debug|Any CPU.Build.0 = Debug|Any CPU
		{48B876A0-749D-4C6C-BF17-4A9F33FC2237}.Debug|x86.ActiveCfg = Debug|Any CPU
		{48B876A0-749D-4C6C-BF17-4A9F33FC2237}.Debug|x86.Build.0 = Debug|Any CPU
		{48B876A0-749D-4C6C-BF17-4A9F33FC2237}.Release|Any CPU.ActiveCfg = Release|Any CPU
		{48B876A0-749D-4C6C-BF17-4A9F33FC2237}.Release|Any CPU.Build.0 = Release|Any CPU
		{48B876A0-749D-4C6C-BF17-4A9F33FC2237}.Release|x86.ActiveCfg = Release|Any CPU
		{48B876A0-749D-4C6C-BF17-4A9F33FC2237}.Release|x86.Build.0 = Release|Any CPU
		{923D50B1-52C4-438D-92EF-146EDBA160C9}.Debug|Any CPU.ActiveCfg = Debug|Any CPU
		{923D50B1-52C4-438D-92EF-146EDBA160C9}.Debug|Any CPU.Build.0 = Debug|Any CPU
		{923D50B1-52C4-438D-92EF-146EDBA160C9}.Debug|x86.ActiveCfg = Debug|Any CPU
		{923D50B1-52C4-438D-92EF-146EDBA160C9}.Debug|x86.Build.0 = Debug|Any CPU
		{923D50B1-52C4-438D-92EF-146EDBA160C9}.Release|Any CPU.ActiveCfg = Release|Any CPU
		{923D50B1-52C4-438D-92EF-146EDBA160C9}.Release|Any CPU.Build.0 = Release|Any CPU
		{923D50B1-52C4-438D-92EF-146EDBA160C9}.Release|x86.ActiveCfg = Release|Any CPU
		{923D50B1-52C4-438D-92EF-146EDBA160C9}.Release|x86.Build.0 = Release|Any CPU
		{57B806BD-5556-45E9-98E3-5D9E6C25B3E8}.Debug|Any CPU.ActiveCfg = Debug|Any CPU
		{57B806BD-5556-45E9-98E3-5D9E6C25B3E8}.Debug|Any CPU.Build.0 = Debug|Any CPU
		{57B806BD-5556-45E9-98E3-5D9E6C25B3E8}.Debug|x86.ActiveCfg = Debug|Any CPU
		{57B806BD-5556-45E9-98E3-5D9E6C25B3E8}.Debug|x86.Build.0 = Debug|Any CPU
		{57B806BD-5556-45E9-98E3-5D9E6C25B3E8}.Release|Any CPU.ActiveCfg = Release|Any CPU
		{57B806BD-5556-45E9-98E3-5D9E6C25B3E8}.Release|Any CPU.Build.0 = Release|Any CPU
		{57B806BD-5556-45E9-98E3-5D9E6C25B3E8}.Release|x86.ActiveCfg = Release|Any CPU
		{57B806BD-5556-45E9-98E3-5D9E6C25B3E8}.Release|x86.Build.0 = Release|Any CPU
		{1058F6F5-9AE3-41AD-BC20-0FC399FA400B}.Debug|Any CPU.ActiveCfg = Debug|Any CPU
		{1058F6F5-9AE3-41AD-BC20-0FC399FA400B}.Debug|Any CPU.Build.0 = Debug|Any CPU
		{1058F6F5-9AE3-41AD-BC20-0FC399FA400B}.Debug|x86.ActiveCfg = Debug|Any CPU
		{1058F6F5-9AE3-41AD-BC20-0FC399FA400B}.Debug|x86.Build.0 = Debug|Any CPU
		{1058F6F5-9AE3-41AD-BC20-0FC399FA400B}.Release|Any CPU.ActiveCfg = Release|Any CPU
		{1058F6F5-9AE3-41AD-BC20-0FC399FA400B}.Release|Any CPU.Build.0 = Release|Any CPU
		{1058F6F5-9AE3-41AD-BC20-0FC399FA400B}.Release|x86.ActiveCfg = Release|Any CPU
		{1058F6F5-9AE3-41AD-BC20-0FC399FA400B}.Release|x86.Build.0 = Release|Any CPU
		{7F7928DE-7A6F-4A6E-A0B7-A2B773E1B78B}.Debug|Any CPU.ActiveCfg = Debug|Any CPU
		{7F7928DE-7A6F-4A6E-A0B7-A2B773E1B78B}.Debug|Any CPU.Build.0 = Debug|Any CPU
		{7F7928DE-7A6F-4A6E-A0B7-A2B773E1B78B}.Debug|x86.ActiveCfg = Debug|Any CPU
		{7F7928DE-7A6F-4A6E-A0B7-A2B773E1B78B}.Debug|x86.Build.0 = Debug|Any CPU
		{7F7928DE-7A6F-4A6E-A0B7-A2B773E1B78B}.Release|Any CPU.ActiveCfg = Release|Any CPU
		{7F7928DE-7A6F-4A6E-A0B7-A2B773E1B78B}.Release|Any CPU.Build.0 = Release|Any CPU
		{7F7928DE-7A6F-4A6E-A0B7-A2B773E1B78B}.Release|x86.ActiveCfg = Release|Any CPU
		{7F7928DE-7A6F-4A6E-A0B7-A2B773E1B78B}.Release|x86.Build.0 = Release|Any CPU
		{C4662FAE-3B82-4D1D-A1C4-3F5F499E4233}.Debug|Any CPU.ActiveCfg = Debug|Any CPU
		{C4662FAE-3B82-4D1D-A1C4-3F5F499E4233}.Debug|Any CPU.Build.0 = Debug|Any CPU
		{C4662FAE-3B82-4D1D-A1C4-3F5F499E4233}.Debug|x86.ActiveCfg = Debug|Any CPU
		{C4662FAE-3B82-4D1D-A1C4-3F5F499E4233}.Debug|x86.Build.0 = Debug|Any CPU
		{C4662FAE-3B82-4D1D-A1C4-3F5F499E4233}.Release|Any CPU.ActiveCfg = Release|Any CPU
		{C4662FAE-3B82-4D1D-A1C4-3F5F499E4233}.Release|Any CPU.Build.0 = Release|Any CPU
		{C4662FAE-3B82-4D1D-A1C4-3F5F499E4233}.Release|x86.ActiveCfg = Release|Any CPU
		{C4662FAE-3B82-4D1D-A1C4-3F5F499E4233}.Release|x86.Build.0 = Release|Any CPU
		{39E5FBC2-F849-4C85-8335-50D8A278FAE8}.Debug|Any CPU.ActiveCfg = Debug|Any CPU
		{39E5FBC2-F849-4C85-8335-50D8A278FAE8}.Debug|Any CPU.Build.0 = Debug|Any CPU
		{39E5FBC2-F849-4C85-8335-50D8A278FAE8}.Debug|x86.ActiveCfg = Debug|Any CPU
		{39E5FBC2-F849-4C85-8335-50D8A278FAE8}.Debug|x86.Build.0 = Debug|Any CPU
		{39E5FBC2-F849-4C85-8335-50D8A278FAE8}.Release|Any CPU.ActiveCfg = Release|Any CPU
		{39E5FBC2-F849-4C85-8335-50D8A278FAE8}.Release|Any CPU.Build.0 = Release|Any CPU
		{39E5FBC2-F849-4C85-8335-50D8A278FAE8}.Release|x86.ActiveCfg = Release|Any CPU
		{39E5FBC2-F849-4C85-8335-50D8A278FAE8}.Release|x86.Build.0 = Release|Any CPU
		{F30D0503-AB8C-4580-8309-0394B27AF7BC}.Debug|Any CPU.ActiveCfg = Debug|Any CPU
		{F30D0503-AB8C-4580-8309-0394B27AF7BC}.Debug|Any CPU.Build.0 = Debug|Any CPU
		{F30D0503-AB8C-4580-8309-0394B27AF7BC}.Debug|x86.ActiveCfg = Debug|Any CPU
		{F30D0503-AB8C-4580-8309-0394B27AF7BC}.Debug|x86.Build.0 = Debug|Any CPU
		{F30D0503-AB8C-4580-8309-0394B27AF7BC}.Release|Any CPU.ActiveCfg = Release|Any CPU
		{F30D0503-AB8C-4580-8309-0394B27AF7BC}.Release|Any CPU.Build.0 = Release|Any CPU
		{F30D0503-AB8C-4580-8309-0394B27AF7BC}.Release|x86.ActiveCfg = Release|Any CPU
		{F30D0503-AB8C-4580-8309-0394B27AF7BC}.Release|x86.Build.0 = Release|Any CPU
		{6758E880-8983-4568-AF81-5B367891DB4E}.Debug|Any CPU.ActiveCfg = Debug|Any CPU
		{6758E880-8983-4568-AF81-5B367891DB4E}.Debug|Any CPU.Build.0 = Debug|Any CPU
		{6758E880-8983-4568-AF81-5B367891DB4E}.Debug|x86.ActiveCfg = Debug|Any CPU
		{6758E880-8983-4568-AF81-5B367891DB4E}.Debug|x86.Build.0 = Debug|Any CPU
		{6758E880-8983-4568-AF81-5B367891DB4E}.Release|Any CPU.ActiveCfg = Release|Any CPU
		{6758E880-8983-4568-AF81-5B367891DB4E}.Release|Any CPU.Build.0 = Release|Any CPU
		{6758E880-8983-4568-AF81-5B367891DB4E}.Release|x86.ActiveCfg = Release|Any CPU
		{6758E880-8983-4568-AF81-5B367891DB4E}.Release|x86.Build.0 = Release|Any CPU
		{43828435-66CA-41CE-AA02-E6980E1C3D1B}.Debug|Any CPU.ActiveCfg = Debug|Any CPU
		{43828435-66CA-41CE-AA02-E6980E1C3D1B}.Debug|Any CPU.Build.0 = Debug|Any CPU
		{43828435-66CA-41CE-AA02-E6980E1C3D1B}.Debug|x86.ActiveCfg = Debug|Any CPU
		{43828435-66CA-41CE-AA02-E6980E1C3D1B}.Debug|x86.Build.0 = Debug|Any CPU
		{43828435-66CA-41CE-AA02-E6980E1C3D1B}.Release|Any CPU.ActiveCfg = Release|Any CPU
		{43828435-66CA-41CE-AA02-E6980E1C3D1B}.Release|Any CPU.Build.0 = Release|Any CPU
		{43828435-66CA-41CE-AA02-E6980E1C3D1B}.Release|x86.ActiveCfg = Release|Any CPU
		{43828435-66CA-41CE-AA02-E6980E1C3D1B}.Release|x86.Build.0 = Release|Any CPU
		{4326E6F3-1396-4104-9342-146A140656CB}.Debug|Any CPU.ActiveCfg = Debug|Any CPU
		{4326E6F3-1396-4104-9342-146A140656CB}.Debug|Any CPU.Build.0 = Debug|Any CPU
		{4326E6F3-1396-4104-9342-146A140656CB}.Debug|x86.ActiveCfg = Debug|Any CPU
		{4326E6F3-1396-4104-9342-146A140656CB}.Debug|x86.Build.0 = Debug|Any CPU
		{4326E6F3-1396-4104-9342-146A140656CB}.Release|Any CPU.ActiveCfg = Release|Any CPU
		{4326E6F3-1396-4104-9342-146A140656CB}.Release|Any CPU.Build.0 = Release|Any CPU
		{4326E6F3-1396-4104-9342-146A140656CB}.Release|x86.ActiveCfg = Release|Any CPU
		{4326E6F3-1396-4104-9342-146A140656CB}.Release|x86.Build.0 = Release|Any CPU
		{B0242163-31CF-49B5-A3C3-E52E4A25CBF7}.Debug|Any CPU.ActiveCfg = Debug|Any CPU
		{B0242163-31CF-49B5-A3C3-E52E4A25CBF7}.Debug|Any CPU.Build.0 = Debug|Any CPU
		{B0242163-31CF-49B5-A3C3-E52E4A25CBF7}.Debug|x86.ActiveCfg = Debug|Any CPU
		{B0242163-31CF-49B5-A3C3-E52E4A25CBF7}.Debug|x86.Build.0 = Debug|Any CPU
		{B0242163-31CF-49B5-A3C3-E52E4A25CBF7}.Release|Any CPU.ActiveCfg = Release|Any CPU
		{B0242163-31CF-49B5-A3C3-E52E4A25CBF7}.Release|Any CPU.Build.0 = Release|Any CPU
		{B0242163-31CF-49B5-A3C3-E52E4A25CBF7}.Release|x86.ActiveCfg = Release|Any CPU
		{B0242163-31CF-49B5-A3C3-E52E4A25CBF7}.Release|x86.Build.0 = Release|Any CPU
		{40A67917-83D1-48AA-8131-0B40C67C4F9C}.Debug|Any CPU.ActiveCfg = Debug|Any CPU
		{40A67917-83D1-48AA-8131-0B40C67C4F9C}.Debug|Any CPU.Build.0 = Debug|Any CPU
		{40A67917-83D1-48AA-8131-0B40C67C4F9C}.Debug|x86.ActiveCfg = Debug|Any CPU
		{40A67917-83D1-48AA-8131-0B40C67C4F9C}.Debug|x86.Build.0 = Debug|Any CPU
		{40A67917-83D1-48AA-8131-0B40C67C4F9C}.Release|Any CPU.ActiveCfg = Release|Any CPU
		{40A67917-83D1-48AA-8131-0B40C67C4F9C}.Release|Any CPU.Build.0 = Release|Any CPU
		{40A67917-83D1-48AA-8131-0B40C67C4F9C}.Release|x86.ActiveCfg = Release|Any CPU
		{40A67917-83D1-48AA-8131-0B40C67C4F9C}.Release|x86.Build.0 = Release|Any CPU
	EndGlobalSection
	GlobalSection(SolutionProperties) = preSolution
		HideSolutionNode = FALSE
	EndGlobalSection
	GlobalSection(ExtensibilityGlobals) = postSolution
		SolutionGuid = {66FB09F9-B7F4-4636-9B95-B47104AB7A41}
	EndGlobalSection
EndGlobal
